// !$*UTF8*$!
{
	archiveVersion = 1;
	classes = {
	};
	objectVersion = 56;
	objects = {

/* Begin PBXBuildFile section */
		4411F0AD2C133F9C00878AFE /* AppDelegate.swift in Sources */ = {isa = PBXBuildFile; fileRef = 4411F0AC2C133F9C00878AFE /* AppDelegate.swift */; };
		4411F0AF2C133F9C00878AFE /* SceneDelegate.swift in Sources */ = {isa = PBXBuildFile; fileRef = 4411F0AE2C133F9C00878AFE /* SceneDelegate.swift */; };
		4411F0B12C133F9C00878AFE /* MainViewController.swift in Sources */ = {isa = PBXBuildFile; fileRef = 4411F0B02C133F9C00878AFE /* MainViewController.swift */; };
		4411F0B62C133F9D00878AFE /* Assets.xcassets in Resources */ = {isa = PBXBuildFile; fileRef = 4411F0B52C133F9D00878AFE /* Assets.xcassets */; };
		4411F0B92C133F9D00878AFE /* Base in Resources */ = {isa = PBXBuildFile; fileRef = 4411F0B82C133F9D00878AFE /* Base */; };
		4411F0C32C1341AA00878AFE /* .gitignore in Resources */ = {isa = PBXBuildFile; fileRef = 4411F0C22C1341AA00878AFE /* .gitignore */; };
		4411F0C62C13439D00878AFE /* UIColor+Extension.swift in Sources */ = {isa = PBXBuildFile; fileRef = 4411F0C52C13439D00878AFE /* UIColor+Extension.swift */; };
		4411F0C82C13451300878AFE /* UIFont+Extension.swift in Sources */ = {isa = PBXBuildFile; fileRef = 4411F0C72C13451300878AFE /* UIFont+Extension.swift */; };
		4411F0CB2C1346A900878AFE /* SnapKit in Frameworks */ = {isa = PBXBuildFile; productRef = 4411F0CA2C1346A900878AFE /* SnapKit */; };
		4411F0CD2C1347A000878AFE /* Damagochi.swift in Sources */ = {isa = PBXBuildFile; fileRef = 4411F0CC2C1347A000878AFE /* Damagochi.swift */; };
		4411F0D02C13590D00878AFE /* UserDefaultsManager.swift in Sources */ = {isa = PBXBuildFile; fileRef = 4411F0CF2C13590D00878AFE /* UserDefaultsManager.swift */; };
		4411F0D32C135D1400878AFE /* DamagochiManager.swift in Sources */ = {isa = PBXBuildFile; fileRef = 4411F0D22C135D1400878AFE /* DamagochiManager.swift */; };
		4411F0D52C14651600878AFE /* UIViewController+Extension.swift in Sources */ = {isa = PBXBuildFile; fileRef = 4411F0D42C14651600878AFE /* UIViewController+Extension.swift */; };
		4411F0D82C146FA500878AFE /* SelectViewController.swift in Sources */ = {isa = PBXBuildFile; fileRef = 4411F0D72C146FA500878AFE /* SelectViewController.swift */; };
		4411F0DA2C1470F600878AFE /* Reuseable.swift in Sources */ = {isa = PBXBuildFile; fileRef = 4411F0D92C1470F600878AFE /* Reuseable.swift */; };
		4411F0DC2C1471CD00878AFE /* SelectTableViewCell.swift in Sources */ = {isa = PBXBuildFile; fileRef = 4411F0DB2C1471CD00878AFE /* SelectTableViewCell.swift */; };
		4411F0DF2C148AD700878AFE /* SelectTableViewCellDelegate.swift in Sources */ = {isa = PBXBuildFile; fileRef = 4411F0DE2C148AD600878AFE /* SelectTableViewCellDelegate.swift */; };
		4411F0E12C14929700878AFE /* SelectDetailViewController.swift in Sources */ = {isa = PBXBuildFile; fileRef = 4411F0E02C14929700878AFE /* SelectDetailViewController.swift */; };
		4411F0E32C149E5100878AFE /* UIButton+Extension.swift in Sources */ = {isa = PBXBuildFile; fileRef = 4411F0E22C149E5100878AFE /* UIButton+Extension.swift */; };
		4411F0E62C14D4A100878AFE /* SettingViewController.swift in Sources */ = {isa = PBXBuildFile; fileRef = 4411F0E52C14D4A100878AFE /* SettingViewController.swift */; };
		4411F0E82C14D68E00878AFE /* SettingTableViewCell.swift in Sources */ = {isa = PBXBuildFile; fileRef = 4411F0E72C14D68E00878AFE /* SettingTableViewCell.swift */; };
		4411F0EA2C15883F00878AFE /* ChangeNameViewController.swift in Sources */ = {isa = PBXBuildFile; fileRef = 4411F0E92C15883F00878AFE /* ChangeNameViewController.swift */; };
/* End PBXBuildFile section */

/* Begin PBXFileReference section */
		4411F0A92C133F9C00878AFE /* Damagochi.app */ = {isa = PBXFileReference; explicitFileType = wrapper.application; includeInIndex = 0; path = Damagochi.app; sourceTree = BUILT_PRODUCTS_DIR; };
		4411F0AC2C133F9C00878AFE /* AppDelegate.swift */ = {isa = PBXFileReference; lastKnownFileType = sourcecode.swift; path = AppDelegate.swift; sourceTree = "<group>"; };
		4411F0AE2C133F9C00878AFE /* SceneDelegate.swift */ = {isa = PBXFileReference; lastKnownFileType = sourcecode.swift; path = SceneDelegate.swift; sourceTree = "<group>"; };
		4411F0B02C133F9C00878AFE /* MainViewController.swift */ = {isa = PBXFileReference; lastKnownFileType = sourcecode.swift; path = MainViewController.swift; sourceTree = "<group>"; };
		4411F0B52C133F9D00878AFE /* Assets.xcassets */ = {isa = PBXFileReference; lastKnownFileType = folder.assetcatalog; path = Assets.xcassets; sourceTree = "<group>"; };
		4411F0B82C133F9D00878AFE /* Base */ = {isa = PBXFileReference; lastKnownFileType = file.storyboard; name = Base; path = Base.lproj/LaunchScreen.storyboard; sourceTree = "<group>"; };
		4411F0BA2C133F9D00878AFE /* Info.plist */ = {isa = PBXFileReference; lastKnownFileType = text.plist.xml; path = Info.plist; sourceTree = "<group>"; };
		4411F0C22C1341AA00878AFE /* .gitignore */ = {isa = PBXFileReference; lastKnownFileType = text; path = .gitignore; sourceTree = "<group>"; };
		4411F0C52C13439D00878AFE /* UIColor+Extension.swift */ = {isa = PBXFileReference; lastKnownFileType = sourcecode.swift; path = "UIColor+Extension.swift"; sourceTree = "<group>"; };
		4411F0C72C13451300878AFE /* UIFont+Extension.swift */ = {isa = PBXFileReference; lastKnownFileType = sourcecode.swift; path = "UIFont+Extension.swift"; sourceTree = "<group>"; };
		4411F0CC2C1347A000878AFE /* Damagochi.swift */ = {isa = PBXFileReference; lastKnownFileType = sourcecode.swift; path = Damagochi.swift; sourceTree = "<group>"; };
		4411F0CF2C13590D00878AFE /* UserDefaultsManager.swift */ = {isa = PBXFileReference; lastKnownFileType = sourcecode.swift; path = UserDefaultsManager.swift; sourceTree = "<group>"; };
		4411F0D22C135D1400878AFE /* DamagochiManager.swift */ = {isa = PBXFileReference; lastKnownFileType = sourcecode.swift; path = DamagochiManager.swift; sourceTree = "<group>"; };
		4411F0D42C14651600878AFE /* UIViewController+Extension.swift */ = {isa = PBXFileReference; lastKnownFileType = sourcecode.swift; path = "UIViewController+Extension.swift"; sourceTree = "<group>"; };
		4411F0D72C146FA500878AFE /* SelectViewController.swift */ = {isa = PBXFileReference; lastKnownFileType = sourcecode.swift; path = SelectViewController.swift; sourceTree = "<group>"; };
		4411F0D92C1470F600878AFE /* Reuseable.swift */ = {isa = PBXFileReference; lastKnownFileType = sourcecode.swift; path = Reuseable.swift; sourceTree = "<group>"; };
		4411F0DB2C1471CD00878AFE /* SelectTableViewCell.swift */ = {isa = PBXFileReference; lastKnownFileType = sourcecode.swift; path = SelectTableViewCell.swift; sourceTree = "<group>"; };
		4411F0DE2C148AD600878AFE /* SelectTableViewCellDelegate.swift */ = {isa = PBXFileReference; lastKnownFileType = sourcecode.swift; path = SelectTableViewCellDelegate.swift; sourceTree = "<group>"; };
		4411F0E02C14929700878AFE /* SelectDetailViewController.swift */ = {isa = PBXFileReference; lastKnownFileType = sourcecode.swift; path = SelectDetailViewController.swift; sourceTree = "<group>"; };
		4411F0E22C149E5100878AFE /* UIButton+Extension.swift */ = {isa = PBXFileReference; lastKnownFileType = sourcecode.swift; path = "UIButton+Extension.swift"; sourceTree = "<group>"; };
		4411F0E52C14D4A100878AFE /* SettingViewController.swift */ = {isa = PBXFileReference; lastKnownFileType = sourcecode.swift; path = SettingViewController.swift; sourceTree = "<group>"; };
		4411F0E72C14D68E00878AFE /* SettingTableViewCell.swift */ = {isa = PBXFileReference; lastKnownFileType = sourcecode.swift; path = SettingTableViewCell.swift; sourceTree = "<group>"; };
		4411F0E92C15883F00878AFE /* ChangeNameViewController.swift */ = {isa = PBXFileReference; lastKnownFileType = sourcecode.swift; path = ChangeNameViewController.swift; sourceTree = "<group>"; };
/* End PBXFileReference section */

/* Begin PBXFrameworksBuildPhase section */
		4411F0A62C133F9C00878AFE /* Frameworks */ = {
			isa = PBXFrameworksBuildPhase;
			buildActionMask = 2147483647;
			files = (
				4411F0CB2C1346A900878AFE /* SnapKit in Frameworks */,
			);
			runOnlyForDeploymentPostprocessing = 0;
		};
/* End PBXFrameworksBuildPhase section */

/* Begin PBXGroup section */
		4411F0A02C133F9C00878AFE = {
			isa = PBXGroup;
			children = (
				4411F0C22C1341AA00878AFE /* .gitignore */,
				4411F0AB2C133F9C00878AFE /* Damagochi */,
				4411F0AA2C133F9C00878AFE /* Products */,
			);
			sourceTree = "<group>";
		};
		4411F0AA2C133F9C00878AFE /* Products */ = {
			isa = PBXGroup;
			children = (
				4411F0A92C133F9C00878AFE /* Damagochi.app */,
			);
			name = Products;
			sourceTree = "<group>";
		};
		4411F0AB2C133F9C00878AFE /* Damagochi */ = {
			isa = PBXGroup;
			children = (
				4411F0C02C13414900878AFE /* Application */,
				4411F0C42C13436D00878AFE /* Utils */,
				4411F0CE2C1347A500878AFE /* Model */,
				4411F0D62C146F5A00878AFE /* Select */,
				4411F0D12C1359A900878AFE /* Main */,
				4411F0E42C14D46B00878AFE /* Setting */,
				4411F0C12C13415F00878AFE /* Resource */,
			);
			path = Damagochi;
			sourceTree = "<group>";
		};
		4411F0C02C13414900878AFE /* Application */ = {
			isa = PBXGroup;
			children = (
				4411F0AC2C133F9C00878AFE /* AppDelegate.swift */,
				4411F0AE2C133F9C00878AFE /* SceneDelegate.swift */,
			);
			path = Application;
			sourceTree = "<group>";
		};
		4411F0C12C13415F00878AFE /* Resource */ = {
			isa = PBXGroup;
			children = (
				4411F0B52C133F9D00878AFE /* Assets.xcassets */,
				4411F0B72C133F9D00878AFE /* LaunchScreen.storyboard */,
				4411F0BA2C133F9D00878AFE /* Info.plist */,
			);
			path = Resource;
			sourceTree = "<group>";
		};
		4411F0C42C13436D00878AFE /* Utils */ = {
			isa = PBXGroup;
			children = (
				4411F0DD2C148AA000878AFE /* Protocols */,
				4411F0C52C13439D00878AFE /* UIColor+Extension.swift */,
				4411F0C72C13451300878AFE /* UIFont+Extension.swift */,
				4411F0D42C14651600878AFE /* UIViewController+Extension.swift */,
				4411F0E22C149E5100878AFE /* UIButton+Extension.swift */,
				4411F0CF2C13590D00878AFE /* UserDefaultsManager.swift */,
				4411F0D92C1470F600878AFE /* Reuseable.swift */,
			);
			path = Utils;
			sourceTree = "<group>";
		};
		4411F0CE2C1347A500878AFE /* Model */ = {
			isa = PBXGroup;
			children = (
				4411F0CC2C1347A000878AFE /* Damagochi.swift */,
				4411F0D22C135D1400878AFE /* DamagochiManager.swift */,
			);
			path = Model;
			sourceTree = "<group>";
		};
		4411F0D12C1359A900878AFE /* Main */ = {
			isa = PBXGroup;
			children = (
				4411F0B02C133F9C00878AFE /* MainViewController.swift */,
			);
			path = Main;
			sourceTree = "<group>";
		};
		4411F0D62C146F5A00878AFE /* Select */ = {
			isa = PBXGroup;
			children = (
				4411F0D72C146FA500878AFE /* SelectViewController.swift */,
				4411F0DB2C1471CD00878AFE /* SelectTableViewCell.swift */,
				4411F0E02C14929700878AFE /* SelectDetailViewController.swift */,
			);
			path = Select;
			sourceTree = "<group>";
		};
		4411F0DD2C148AA000878AFE /* Protocols */ = {
			isa = PBXGroup;
			children = (
				4411F0DE2C148AD600878AFE /* SelectTableViewCellDelegate.swift */,
			);
			path = Protocols;
			sourceTree = "<group>";
		};
		4411F0E42C14D46B00878AFE /* Setting */ = {
			isa = PBXGroup;
			children = (
				4411F0E52C14D4A100878AFE /* SettingViewController.swift */,
				4411F0E72C14D68E00878AFE /* SettingTableViewCell.swift */,
				4411F0E92C15883F00878AFE /* ChangeNameViewController.swift */,
			);
			path = Setting;
			sourceTree = "<group>";
		};
/* End PBXGroup section */

/* Begin PBXNativeTarget section */
		4411F0A82C133F9C00878AFE /* Damagochi */ = {
			isa = PBXNativeTarget;
			buildConfigurationList = 4411F0BD2C133F9D00878AFE /* Build configuration list for PBXNativeTarget "Damagochi" */;
			buildPhases = (
				4411F0A52C133F9C00878AFE /* Sources */,
				4411F0A62C133F9C00878AFE /* Frameworks */,
				4411F0A72C133F9C00878AFE /* Resources */,
			);
			buildRules = (
			);
			dependencies = (
			);
			name = Damagochi;
			packageProductDependencies = (
				4411F0CA2C1346A900878AFE /* SnapKit */,
			);
			productName = Damagochi;
			productReference = 4411F0A92C133F9C00878AFE /* Damagochi.app */;
			productType = "com.apple.product-type.application";
		};
/* End PBXNativeTarget section */

/* Begin PBXProject section */
		4411F0A12C133F9C00878AFE /* Project object */ = {
			isa = PBXProject;
			attributes = {
				BuildIndependentTargetsInParallel = 1;
				LastSwiftUpdateCheck = 1530;
				LastUpgradeCheck = 1530;
				TargetAttributes = {
					4411F0A82C133F9C00878AFE = {
						CreatedOnToolsVersion = 15.3;
					};
				};
			};
			buildConfigurationList = 4411F0A42C133F9C00878AFE /* Build configuration list for PBXProject "Damagochi" */;
			compatibilityVersion = "Xcode 14.0";
			developmentRegion = en;
			hasScannedForEncodings = 0;
			knownRegions = (
				en,
				Base,
			);
			mainGroup = 4411F0A02C133F9C00878AFE;
			packageReferences = (
				4411F0C92C1346A900878AFE /* XCRemoteSwiftPackageReference "SnapKit" */,
			);
			productRefGroup = 4411F0AA2C133F9C00878AFE /* Products */;
			projectDirPath = "";
			projectRoot = "";
			targets = (
				4411F0A82C133F9C00878AFE /* Damagochi */,
			);
		};
/* End PBXProject section */

/* Begin PBXResourcesBuildPhase section */
		4411F0A72C133F9C00878AFE /* Resources */ = {
			isa = PBXResourcesBuildPhase;
			buildActionMask = 2147483647;
			files = (
				4411F0B62C133F9D00878AFE /* Assets.xcassets in Resources */,
				4411F0C32C1341AA00878AFE /* .gitignore in Resources */,
				4411F0B92C133F9D00878AFE /* Base in Resources */,
			);
			runOnlyForDeploymentPostprocessing = 0;
		};
/* End PBXResourcesBuildPhase section */

/* Begin PBXSourcesBuildPhase section */
		4411F0A52C133F9C00878AFE /* Sources */ = {
			isa = PBXSourcesBuildPhase;
			buildActionMask = 2147483647;
			files = (
				4411F0D82C146FA500878AFE /* SelectViewController.swift in Sources */,
				4411F0D52C14651600878AFE /* UIViewController+Extension.swift in Sources */,
				4411F0B12C133F9C00878AFE /* MainViewController.swift in Sources */,
				4411F0E62C14D4A100878AFE /* SettingViewController.swift in Sources */,
				4411F0D32C135D1400878AFE /* DamagochiManager.swift in Sources */,
				4411F0CD2C1347A000878AFE /* Damagochi.swift in Sources */,
				4411F0AD2C133F9C00878AFE /* AppDelegate.swift in Sources */,
				4411F0D02C13590D00878AFE /* UserDefaultsManager.swift in Sources */,
				4411F0DA2C1470F600878AFE /* Reuseable.swift in Sources */,
				4411F0E32C149E5100878AFE /* UIButton+Extension.swift in Sources */,
				4411F0E82C14D68E00878AFE /* SettingTableViewCell.swift in Sources */,
				4411F0AF2C133F9C00878AFE /* SceneDelegate.swift in Sources */,
				4411F0DF2C148AD700878AFE /* SelectTableViewCellDelegate.swift in Sources */,
				4411F0C82C13451300878AFE /* UIFont+Extension.swift in Sources */,
				4411F0C62C13439D00878AFE /* UIColor+Extension.swift in Sources */,
				4411F0EA2C15883F00878AFE /* ChangeNameViewController.swift in Sources */,
				4411F0E12C14929700878AFE /* SelectDetailViewController.swift in Sources */,
				4411F0DC2C1471CD00878AFE /* SelectTableViewCell.swift in Sources */,
			);
			runOnlyForDeploymentPostprocessing = 0;
		};
/* End PBXSourcesBuildPhase section */

/* Begin PBXVariantGroup section */
		4411F0B72C133F9D00878AFE /* LaunchScreen.storyboard */ = {
			isa = PBXVariantGroup;
			children = (
				4411F0B82C133F9D00878AFE /* Base */,
			);
			name = LaunchScreen.storyboard;
			sourceTree = "<group>";
		};
/* End PBXVariantGroup section */

/* Begin XCBuildConfiguration section */
		4411F0BB2C133F9D00878AFE /* Debug */ = {
			isa = XCBuildConfiguration;
			buildSettings = {
				ALWAYS_SEARCH_USER_PATHS = NO;
				ASSETCATALOG_COMPILER_GENERATE_SWIFT_ASSET_SYMBOL_EXTENSIONS = YES;
				CLANG_ANALYZER_NONNULL = YES;
				CLANG_ANALYZER_NUMBER_OBJECT_CONVERSION = YES_AGGRESSIVE;
				CLANG_CXX_LANGUAGE_STANDARD = "gnu++20";
				CLANG_ENABLE_MODULES = YES;
				CLANG_ENABLE_OBJC_ARC = YES;
				CLANG_ENABLE_OBJC_WEAK = YES;
				CLANG_WARN_BLOCK_CAPTURE_AUTORELEASING = YES;
				CLANG_WARN_BOOL_CONVERSION = YES;
				CLANG_WARN_COMMA = YES;
				CLANG_WARN_CONSTANT_CONVERSION = YES;
				CLANG_WARN_DEPRECATED_OBJC_IMPLEMENTATIONS = YES;
				CLANG_WARN_DIRECT_OBJC_ISA_USAGE = YES_ERROR;
				CLANG_WARN_DOCUMENTATION_COMMENTS = YES;
				CLANG_WARN_EMPTY_BODY = YES;
				CLANG_WARN_ENUM_CONVERSION = YES;
				CLANG_WARN_INFINITE_RECURSION = YES;
				CLANG_WARN_INT_CONVERSION = YES;
				CLANG_WARN_NON_LITERAL_NULL_CONVERSION = YES;
				CLANG_WARN_OBJC_IMPLICIT_RETAIN_SELF = YES;
				CLANG_WARN_OBJC_LITERAL_CONVERSION = YES;
				CLANG_WARN_OBJC_ROOT_CLASS = YES_ERROR;
				CLANG_WARN_QUOTED_INCLUDE_IN_FRAMEWORK_HEADER = YES;
				CLANG_WARN_RANGE_LOOP_ANALYSIS = YES;
				CLANG_WARN_STRICT_PROTOTYPES = YES;
				CLANG_WARN_SUSPICIOUS_MOVE = YES;
				CLANG_WARN_UNGUARDED_AVAILABILITY = YES_AGGRESSIVE;
				CLANG_WARN_UNREACHABLE_CODE = YES;
				CLANG_WARN__DUPLICATE_METHOD_MATCH = YES;
				COPY_PHASE_STRIP = NO;
				DEBUG_INFORMATION_FORMAT = dwarf;
				ENABLE_STRICT_OBJC_MSGSEND = YES;
				ENABLE_TESTABILITY = YES;
				ENABLE_USER_SCRIPT_SANDBOXING = YES;
				GCC_C_LANGUAGE_STANDARD = gnu17;
				GCC_DYNAMIC_NO_PIC = NO;
				GCC_NO_COMMON_BLOCKS = YES;
				GCC_OPTIMIZATION_LEVEL = 0;
				GCC_PREPROCESSOR_DEFINITIONS = (
					"DEBUG=1",
					"$(inherited)",
				);
				GCC_WARN_64_TO_32_BIT_CONVERSION = YES;
				GCC_WARN_ABOUT_RETURN_TYPE = YES_ERROR;
				GCC_WARN_UNDECLARED_SELECTOR = YES;
				GCC_WARN_UNINITIALIZED_AUTOS = YES_AGGRESSIVE;
				GCC_WARN_UNUSED_FUNCTION = YES;
				GCC_WARN_UNUSED_VARIABLE = YES;
				IPHONEOS_DEPLOYMENT_TARGET = 17.4;
				LOCALIZATION_PREFERS_STRING_CATALOGS = YES;
				MTL_ENABLE_DEBUG_INFO = INCLUDE_SOURCE;
				MTL_FAST_MATH = YES;
				ONLY_ACTIVE_ARCH = YES;
				SDKROOT = iphoneos;
				SWIFT_ACTIVE_COMPILATION_CONDITIONS = "DEBUG $(inherited)";
				SWIFT_OPTIMIZATION_LEVEL = "-Onone";
			};
			name = Debug;
		};
		4411F0BC2C133F9D00878AFE /* Release */ = {
			isa = XCBuildConfiguration;
			buildSettings = {
				ALWAYS_SEARCH_USER_PATHS = NO;
				ASSETCATALOG_COMPILER_GENERATE_SWIFT_ASSET_SYMBOL_EXTENSIONS = YES;
				CLANG_ANALYZER_NONNULL = YES;
				CLANG_ANALYZER_NUMBER_OBJECT_CONVERSION = YES_AGGRESSIVE;
				CLANG_CXX_LANGUAGE_STANDARD = "gnu++20";
				CLANG_ENABLE_MODULES = YES;
				CLANG_ENABLE_OBJC_ARC = YES;
				CLANG_ENABLE_OBJC_WEAK = YES;
				CLANG_WARN_BLOCK_CAPTURE_AUTORELEASING = YES;
				CLANG_WARN_BOOL_CONVERSION = YES;
				CLANG_WARN_COMMA = YES;
				CLANG_WARN_CONSTANT_CONVERSION = YES;
				CLANG_WARN_DEPRECATED_OBJC_IMPLEMENTATIONS = YES;
				CLANG_WARN_DIRECT_OBJC_ISA_USAGE = YES_ERROR;
				CLANG_WARN_DOCUMENTATION_COMMENTS = YES;
				CLANG_WARN_EMPTY_BODY = YES;
				CLANG_WARN_ENUM_CONVERSION = YES;
				CLANG_WARN_INFINITE_RECURSION = YES;
				CLANG_WARN_INT_CONVERSION = YES;
				CLANG_WARN_NON_LITERAL_NULL_CONVERSION = YES;
				CLANG_WARN_OBJC_IMPLICIT_RETAIN_SELF = YES;
				CLANG_WARN_OBJC_LITERAL_CONVERSION = YES;
				CLANG_WARN_OBJC_ROOT_CLASS = YES_ERROR;
				CLANG_WARN_QUOTED_INCLUDE_IN_FRAMEWORK_HEADER = YES;
				CLANG_WARN_RANGE_LOOP_ANALYSIS = YES;
				CLANG_WARN_STRICT_PROTOTYPES = YES;
				CLANG_WARN_SUSPICIOUS_MOVE = YES;
				CLANG_WARN_UNGUARDED_AVAILABILITY = YES_AGGRESSIVE;
				CLANG_WARN_UNREACHABLE_CODE = YES;
				CLANG_WARN__DUPLICATE_METHOD_MATCH = YES;
				COPY_PHASE_STRIP = NO;
				DEBUG_INFORMATION_FORMAT = "dwarf-with-dsym";
				ENABLE_NS_ASSERTIONS = NO;
				ENABLE_STRICT_OBJC_MSGSEND = YES;
				ENABLE_USER_SCRIPT_SANDBOXING = YES;
				GCC_C_LANGUAGE_STANDARD = gnu17;
				GCC_NO_COMMON_BLOCKS = YES;
				GCC_WARN_64_TO_32_BIT_CONVERSION = YES;
				GCC_WARN_ABOUT_RETURN_TYPE = YES_ERROR;
				GCC_WARN_UNDECLARED_SELECTOR = YES;
				GCC_WARN_UNINITIALIZED_AUTOS = YES_AGGRESSIVE;
				GCC_WARN_UNUSED_FUNCTION = YES;
				GCC_WARN_UNUSED_VARIABLE = YES;
				IPHONEOS_DEPLOYMENT_TARGET = 17.4;
				LOCALIZATION_PREFERS_STRING_CATALOGS = YES;
				MTL_ENABLE_DEBUG_INFO = NO;
				MTL_FAST_MATH = YES;
				SDKROOT = iphoneos;
				SWIFT_COMPILATION_MODE = wholemodule;
				VALIDATE_PRODUCT = YES;
			};
			name = Release;
		};
		4411F0BE2C133F9D00878AFE /* Debug */ = {
			isa = XCBuildConfiguration;
			buildSettings = {
				ASSETCATALOG_COMPILER_APPICON_NAME = AppIcon;
				ASSETCATALOG_COMPILER_GLOBAL_ACCENT_COLOR_NAME = AccentColor;
				CODE_SIGN_STYLE = Automatic;
				CURRENT_PROJECT_VERSION = 1;
				DEVELOPMENT_TEAM = 9M37U587ZT;
				GENERATE_INFOPLIST_FILE = YES;
				INFOPLIST_FILE = Damagochi/Resource/Info.plist;
				INFOPLIST_KEY_UIApplicationSupportsIndirectInputEvents = YES;
				INFOPLIST_KEY_UILaunchStoryboardName = LaunchScreen;
				INFOPLIST_KEY_UISupportedInterfaceOrientations = UIInterfaceOrientationPortrait;
				INFOPLIST_KEY_UISupportedInterfaceOrientations_iPad = UIInterfaceOrientationPortrait;
				IPHONEOS_DEPLOYMENT_TARGET = 15.0;
				LD_RUNPATH_SEARCH_PATHS = (
					"$(inherited)",
					"@executable_path/Frameworks",
				);
				MARKETING_VERSION = 1.0;
				PRODUCT_BUNDLE_IDENTIFIER = com.daeyunkwon.Damagochi;
				PRODUCT_NAME = "$(TARGET_NAME)";
				SUPPORTED_PLATFORMS = "iphoneos iphonesimulator";
				SUPPORTS_MACCATALYST = NO;
				SUPPORTS_MAC_DESIGNED_FOR_IPHONE_IPAD = NO;
				SUPPORTS_XR_DESIGNED_FOR_IPHONE_IPAD = NO;
				SWIFT_EMIT_LOC_STRINGS = YES;
				SWIFT_VERSION = 5.0;
				TARGETED_DEVICE_FAMILY = 1;
			};
			name = Debug;
		};
		4411F0BF2C133F9D00878AFE /* Release */ = {
			isa = XCBuildConfiguration;
			buildSettings = {
				ASSETCATALOG_COMPILER_APPICON_NAME = AppIcon;
				ASSETCATALOG_COMPILER_GLOBAL_ACCENT_COLOR_NAME = AccentColor;
				CODE_SIGN_STYLE = Automatic;
				CURRENT_PROJECT_VERSION = 1;
				DEVELOPMENT_TEAM = 9M37U587ZT;
				GENERATE_INFOPLIST_FILE = YES;
				INFOPLIST_FILE = Damagochi/Resource/Info.plist;
				INFOPLIST_KEY_UIApplicationSupportsIndirectInputEvents = YES;
				INFOPLIST_KEY_UILaunchStoryboardName = LaunchScreen;
				INFOPLIST_KEY_UISupportedInterfaceOrientations = UIInterfaceOrientationPortrait;
				INFOPLIST_KEY_UISupportedInterfaceOrientations_iPad = UIInterfaceOrientationPortrait;
				IPHONEOS_DEPLOYMENT_TARGET = 15.0;
				LD_RUNPATH_SEARCH_PATHS = (
					"$(inherited)",
					"@executable_path/Frameworks",
				);
				MARKETING_VERSION = 1.0;
				PRODUCT_BUNDLE_IDENTIFIER = com.daeyunkwon.Damagochi;
				PRODUCT_NAME = "$(TARGET_NAME)";
				SUPPORTED_PLATFORMS = "iphoneos iphonesimulator";
				SUPPORTS_MACCATALYST = NO;
				SUPPORTS_MAC_DESIGNED_FOR_IPHONE_IPAD = NO;
				SUPPORTS_XR_DESIGNED_FOR_IPHONE_IPAD = NO;
				SWIFT_EMIT_LOC_STRINGS = YES;
				SWIFT_VERSION = 5.0;
				TARGETED_DEVICE_FAMILY = 1;
			};
			name = Release;
		};
/* End XCBuildConfiguration section */

/* Begin XCConfigurationList section */
		4411F0A42C133F9C00878AFE /* Build configuration list for PBXProject "Damagochi" */ = {
			isa = XCConfigurationList;
			buildConfigurations = (
				4411F0BB2C133F9D00878AFE /* Debug */,
				4411F0BC2C133F9D00878AFE /* Release */,
			);
			defaultConfigurationIsVisible = 0;
			defaultConfigurationName = Release;
		};
		4411F0BD2C133F9D00878AFE /* Build configuration list for PBXNativeTarget "Damagochi" */ = {
			isa = XCConfigurationList;
			buildConfigurations = (
				4411F0BE2C133F9D00878AFE /* Debug */,
				4411F0BF2C133F9D00878AFE /* Release */,
			);
			defaultConfigurationIsVisible = 0;
			defaultConfigurationName = Release;
		};
/* End XCConfigurationList section */

/* Begin XCRemoteSwiftPackageReference section */
		4411F0C92C1346A900878AFE /* XCRemoteSwiftPackageReference "SnapKit" */ = {
			isa = XCRemoteSwiftPackageReference;
			repositoryURL = "https://github.com/SnapKit/SnapKit";
			requirement = {
				kind = upToNextMajorVersion;
				minimumVersion = 5.7.1;
			};
		};
/* End XCRemoteSwiftPackageReference section */

/* Begin XCSwiftPackageProductDependency section */
		4411F0CA2C1346A900878AFE /* SnapKit */ = {
			isa = XCSwiftPackageProductDependency;
			package = 4411F0C92C1346A900878AFE /* XCRemoteSwiftPackageReference "SnapKit" */;
			productName = SnapKit;
		};
/* End XCSwiftPackageProductDependency section */
	};
	rootObject = 4411F0A12C133F9C00878AFE /* Project object */;
}
